
Microsoft Visual Studio Solution File, Format Version 12.00
# Visual Studio Version 16
VisualStudioVersion = 16.0.31729.503
MinimumVisualStudioVersion = 10.0.40219.1
Project("{FAE04EC0-301F-11D3-BF4B-00C04F79EFBC}") = "NLayerProject.API", "NLayerProject.API\NLayerProject.API.csproj", "{6162B925-66C7-42CE-B91B-7D800759DD07}"
EndProject
Project("{FAE04EC0-301F-11D3-BF4B-00C04F79EFBC}") = "NLayerProject.Core", "NLayerProject.Core\NLayerProject.Core.csproj", "{8019838A-5F33-4939-8DA8-4C62A82117ED}"
EndProject
Project("{FAE04EC0-301F-11D3-BF4B-00C04F79EFBC}") = "NLayerProject.Data", "NLayerProject.Data\NLayerProject.Data.csproj", "{CD5CAAD6-5AC6-431C-83FA-A9588CE5E078}"
EndProject
Project("{FAE04EC0-301F-11D3-BF4B-00C04F79EFBC}") = "NLayerProject.Service", "NLayerProject.Service\NLayerProject.Service.csproj", "{CAD59D1F-541F-4CC3-AC0C-B32968C2BF80}"
EndProject
Global
	GlobalSection(SolutionConfigurationPlatforms) = preSolution
		Debug|Any CPU = Debug|Any CPU
		Release|Any CPU = Release|Any CPU
	EndGlobalSection
	GlobalSection(ProjectConfigurationPlatforms) = postSolution
		{6162B925-66C7-42CE-B91B-7D800759DD07}.Debug|Any CPU.ActiveCfg = Debug|Any CPU
		{6162B925-66C7-42CE-B91B-7D800759DD07}.Debug|Any CPU.Build.0 = Debug|Any CPU
		{6162B925-66C7-42CE-B91B-7D800759DD07}.Release|Any CPU.ActiveCfg = Release|Any CPU
		{6162B925-66C7-42CE-B91B-7D800759DD07}.Release|Any CPU.Build.0 = Release|Any CPU
		{8019838A-5F33-4939-8DA8-4C62A82117ED}.Debug|Any CPU.ActiveCfg = Debug|Any CPU
		{8019838A-5F33-4939-8DA8-4C62A82117ED}.Debug|Any CPU.Build.0 = Debug|Any CPU
		{8019838A-5F33-4939-8DA8-4C62A82117ED}.Release|Any CPU.ActiveCfg = Release|Any CPU
		{8019838A-5F33-4939-8DA8-4C62A82117ED}.Release|Any CPU.Build.0 = Release|Any CPU
		{CD5CAAD6-5AC6-431C-83FA-A9588CE5E078}.Debug|Any CPU.ActiveCfg = Debug|Any CPU
		{CD5CAAD6-5AC6-431C-83FA-A9588CE5E078}.Debug|Any CPU.Build.0 = Debug|Any CPU
		{CD5CAAD6-5AC6-431C-83FA-A9588CE5E078}.Release|Any CPU.ActiveCfg = Release|Any CPU
		{CD5CAAD6-5AC6-431C-83FA-A9588CE5E078}.Release|Any CPU.Build.0 = Release|Any CPU
		{CAD59D1F-541F-4CC3-AC0C-B32968C2BF80}.Debug|Any CPU.ActiveCfg = Debug|Any CPU
		{CAD59D1F-541F-4CC3-AC0C-B32968C2BF80}.Debug|Any CPU.Build.0 = Debug|Any CPU
		{CAD59D1F-541F-4CC3-AC0C-B32968C2BF80}.Release|Any CPU.ActiveCfg = Release|Any CPU
		{CAD59D1F-541F-4CC3-AC0C-B32968C2BF80}.Release|Any CPU.Build.0 = Release|Any CPU
	EndGlobalSection
	GlobalSection(SolutionProperties) = preSolution
		HideSolutionNode = FALSE
	EndGlobalSection
	GlobalSection(ExtensibilityGlobals) = postSolution
		SolutionGuid = {40E10614-DAD6-4F50-A28C-7BBA0222DDA1}
	EndGlobalSection
EndGlobal
